// !$*UTF8*$!
{
	archiveVersion = 1;
	classes = {
	};
	objectVersion = 46;
	objects = {

/* Begin PBXBuildFile section */
		BA84DB691C0FA7AC004A15EF /* AppDelegate.swift in Sources */ = {isa = PBXBuildFile; fileRef = BA84DB681C0FA7AC004A15EF /* AppDelegate.swift */; };
		BA84DB6B1C0FA7AC004A15EF /* SearchViewController.swift in Sources */ = {isa = PBXBuildFile; fileRef = BA84DB6A1C0FA7AC004A15EF /* SearchViewController.swift */; };
		BA84DB6E1C0FA7AC004A15EF /* Main.storyboard in Resources */ = {isa = PBXBuildFile; fileRef = BA84DB6C1C0FA7AC004A15EF /* Main.storyboard */; };
		BA84DB701C0FA7AC004A15EF /* Assets.xcassets in Resources */ = {isa = PBXBuildFile; fileRef = BA84DB6F1C0FA7AC004A15EF /* Assets.xcassets */; };
		BA84DB7B1C0FBA84004A15EF /* SearchResult.swift in Sources */ = {isa = PBXBuildFile; fileRef = BA84DB7A1C0FBA84004A15EF /* SearchResult.swift */; };
		BA84DB7D1C0FBF58004A15EF /* SearchResultCell.xib in Resources */ = {isa = PBXBuildFile; fileRef = BA84DB7C1C0FBF58004A15EF /* SearchResultCell.xib */; };
		BA84DB7F1C0FC292004A15EF /* SearchResultCell.swift in Sources */ = {isa = PBXBuildFile; fileRef = BA84DB7E1C0FC292004A15EF /* SearchResultCell.swift */; };
		BA84DB811C0FC4F6004A15EF /* NothingFoundCell.xib in Resources */ = {isa = PBXBuildFile; fileRef = BA84DB801C0FC4F6004A15EF /* NothingFoundCell.xib */; };
		BA9A0AF81C10C51E00B65CA3 /* LoadingCell.xib in Resources */ = {isa = PBXBuildFile; fileRef = BA9A0AF71C10C51E00B65CA3 /* LoadingCell.xib */; };
		BA9A0AFA1C10E7D200B65CA3 /* UIImageView+DownloadImage.swift in Sources */ = {isa = PBXBuildFile; fileRef = BA9A0AF91C10E7D200B65CA3 /* UIImageView+DownloadImage.swift */; };
		BAA610581C10EF32004AB545 /* DetailViewController.swift in Sources */ = {isa = PBXBuildFile; fileRef = BAA610571C10EF32004AB545 /* DetailViewController.swift */; };
		BAA6105A1C10F1C4004AB545 /* DimmingPresentationController.swift in Sources */ = {isa = PBXBuildFile; fileRef = BAA610591C10F1C4004AB545 /* DimmingPresentationController.swift */; };
		BAA6105C1C1110A9004AB545 /* GradientView.swift in Sources */ = {isa = PBXBuildFile; fileRef = BAA6105B1C1110A9004AB545 /* GradientView.swift */; };
		BAA6105E1C11144D004AB545 /* BounceAnimationController.swift in Sources */ = {isa = PBXBuildFile; fileRef = BAA6105D1C11144D004AB545 /* BounceAnimationController.swift */; };
		BAA610601C11195E004AB545 /* SlideOutAnimationController.swift in Sources */ = {isa = PBXBuildFile; fileRef = BAA6105F1C11195E004AB545 /* SlideOutAnimationController.swift */; };
		BAA610621C111B6B004AB545 /* LandscapeViewController.swift in Sources */ = {isa = PBXBuildFile; fileRef = BAA610611C111B6B004AB545 /* LandscapeViewController.swift */; };
/* End PBXBuildFile section */

/* Begin PBXFileReference section */
		BA84DB651C0FA7AC004A15EF /* StoreSearch.app */ = {isa = PBXFileReference; explicitFileType = wrapper.application; includeInIndex = 0; path = StoreSearch.app; sourceTree = BUILT_PRODUCTS_DIR; };
		BA84DB681C0FA7AC004A15EF /* AppDelegate.swift */ = {isa = PBXFileReference; lastKnownFileType = sourcecode.swift; path = AppDelegate.swift; sourceTree = "<group>"; };
		BA84DB6A1C0FA7AC004A15EF /* SearchViewController.swift */ = {isa = PBXFileReference; lastKnownFileType = sourcecode.swift; path = SearchViewController.swift; sourceTree = "<group>"; };
		BA84DB6D1C0FA7AC004A15EF /* Base */ = {isa = PBXFileReference; lastKnownFileType = file.storyboard; name = Base; path = Base.lproj/Main.storyboard; sourceTree = "<group>"; };
		BA84DB6F1C0FA7AC004A15EF /* Assets.xcassets */ = {isa = PBXFileReference; lastKnownFileType = folder.assetcatalog; path = Assets.xcassets; sourceTree = "<group>"; };
		BA84DB741C0FA7AC004A15EF /* Info.plist */ = {isa = PBXFileReference; lastKnownFileType = text.plist.xml; path = Info.plist; sourceTree = "<group>"; };
		BA84DB7A1C0FBA84004A15EF /* SearchResult.swift */ = {isa = PBXFileReference; fileEncoding = 4; lastKnownFileType = sourcecode.swift; path = SearchResult.swift; sourceTree = "<group>"; };
		BA84DB7C1C0FBF58004A15EF /* SearchResultCell.xib */ = {isa = PBXFileReference; fileEncoding = 4; lastKnownFileType = file.xib; path = SearchResultCell.xib; sourceTree = "<group>"; };
		BA84DB7E1C0FC292004A15EF /* SearchResultCell.swift */ = {isa = PBXFileReference; fileEncoding = 4; lastKnownFileType = sourcecode.swift; path = SearchResultCell.swift; sourceTree = "<group>"; };
		BA84DB801C0FC4F6004A15EF /* NothingFoundCell.xib */ = {isa = PBXFileReference; fileEncoding = 4; lastKnownFileType = file.xib; path = NothingFoundCell.xib; sourceTree = "<group>"; };
		BA9A0AF71C10C51E00B65CA3 /* LoadingCell.xib */ = {isa = PBXFileReference; fileEncoding = 4; lastKnownFileType = file.xib; path = LoadingCell.xib; sourceTree = "<group>"; };
		BA9A0AF91C10E7D200B65CA3 /* UIImageView+DownloadImage.swift */ = {isa = PBXFileReference; fileEncoding = 4; lastKnownFileType = sourcecode.swift; path = "UIImageView+DownloadImage.swift"; sourceTree = "<group>"; };
		BAA610571C10EF32004AB545 /* DetailViewController.swift */ = {isa = PBXFileReference; fileEncoding = 4; lastKnownFileType = sourcecode.swift; path = DetailViewController.swift; sourceTree = "<group>"; };
		BAA610591C10F1C4004AB545 /* DimmingPresentationController.swift */ = {isa = PBXFileReference; fileEncoding = 4; lastKnownFileType = sourcecode.swift; path = DimmingPresentationController.swift; sourceTree = "<group>"; };
		BAA6105B1C1110A9004AB545 /* GradientView.swift */ = {isa = PBXFileReference; fileEncoding = 4; lastKnownFileType = sourcecode.swift; path = GradientView.swift; sourceTree = "<group>"; };
		BAA6105D1C11144D004AB545 /* BounceAnimationController.swift */ = {isa = PBXFileReference; fileEncoding = 4; lastKnownFileType = sourcecode.swift; path = BounceAnimationController.swift; sourceTree = "<group>"; };
		BAA6105F1C11195E004AB545 /* SlideOutAnimationController.swift */ = {isa = PBXFileReference; fileEncoding = 4; lastKnownFileType = sourcecode.swift; path = SlideOutAnimationController.swift; sourceTree = "<group>"; };
		BAA610611C111B6B004AB545 /* LandscapeViewController.swift */ = {isa = PBXFileReference; fileEncoding = 4; lastKnownFileType = sourcecode.swift; path = LandscapeViewController.swift; sourceTree = "<group>"; };
/* End PBXFileReference section */

/* Begin PBXFrameworksBuildPhase section */
		BA84DB621C0FA7AC004A15EF /* Frameworks */ = {
			isa = PBXFrameworksBuildPhase;
			buildActionMask = 2147483647;
			files = (
			);
			runOnlyForDeploymentPostprocessing = 0;
		};
/* End PBXFrameworksBuildPhase section */

/* Begin PBXGroup section */
		BA84DB5C1C0FA7AC004A15EF = {
			isa = PBXGroup;
			children = (
				BA84DB671C0FA7AC004A15EF /* StoreSearch */,
				BA84DB661C0FA7AC004A15EF /* Products */,
			);
			sourceTree = "<group>";
		};
		BA84DB661C0FA7AC004A15EF /* Products */ = {
			isa = PBXGroup;
			children = (
				BA84DB651C0FA7AC004A15EF /* StoreSearch.app */,
			);
			name = Products;
			sourceTree = "<group>";
		};
		BA84DB671C0FA7AC004A15EF /* StoreSearch */ = {
			isa = PBXGroup;
			children = (
				BA84DB741C0FA7AC004A15EF /* Info.plist */,
				BA84DB681C0FA7AC004A15EF /* AppDelegate.swift */,
				BAA6105D1C11144D004AB545 /* BounceAnimationController.swift */,
				BAA610571C10EF32004AB545 /* DetailViewController.swift */,
				BAA610591C10F1C4004AB545 /* DimmingPresentationController.swift */,
				BAA6105B1C1110A9004AB545 /* GradientView.swift */,
				BAA610611C111B6B004AB545 /* LandscapeViewController.swift */,
				BA84DB7A1C0FBA84004A15EF /* SearchResult.swift */,
				BA84DB7E1C0FC292004A15EF /* SearchResultCell.swift */,
				BA84DB6A1C0FA7AC004A15EF /* SearchViewController.swift */,
				BAA6105F1C11195E004AB545 /* SlideOutAnimationController.swift */,
				BA9A0AF91C10E7D200B65CA3 /* UIImageView+DownloadImage.swift */,
				BA84DB6F1C0FA7AC004A15EF /* Assets.xcassets */,
				BA9A0AF71C10C51E00B65CA3 /* LoadingCell.xib */,
				BA84DB801C0FC4F6004A15EF /* NothingFoundCell.xib */,
				BA84DB7C1C0FBF58004A15EF /* SearchResultCell.xib */,
				BA84DB6C1C0FA7AC004A15EF /* Main.storyboard */,
			);
			path = StoreSearch;
			sourceTree = "<group>";
		};
/* End PBXGroup section */

/* Begin PBXNativeTarget section */
		BA84DB641C0FA7AC004A15EF /* StoreSearch */ = {
			isa = PBXNativeTarget;
			buildConfigurationList = BA84DB771C0FA7AC004A15EF /* Build configuration list for PBXNativeTarget "StoreSearch" */;
			buildPhases = (
				BA84DB611C0FA7AC004A15EF /* Sources */,
				BA84DB621C0FA7AC004A15EF /* Frameworks */,
				BA84DB631C0FA7AC004A15EF /* Resources */,
			);
			buildRules = (
			);
			dependencies = (
			);
			name = StoreSearch;
			productName = StoreSearch;
			productReference = BA84DB651C0FA7AC004A15EF /* StoreSearch.app */;
			productType = "com.apple.product-type.application";
		};
/* End PBXNativeTarget section */

/* Begin PBXProject section */
		BA84DB5D1C0FA7AC004A15EF /* Project object */ = {
			isa = PBXProject;
			attributes = {
				LastSwiftUpdateCheck = 0710;
				LastUpgradeCheck = 0710;
				ORGANIZATIONNAME = "Molly Waggett";
				TargetAttributes = {
					BA84DB641C0FA7AC004A15EF = {
						CreatedOnToolsVersion = 7.1.1;
					};
				};
			};
			buildConfigurationList = BA84DB601C0FA7AC004A15EF /* Build configuration list for PBXProject "StoreSearch" */;
			compatibilityVersion = "Xcode 3.2";
			developmentRegion = English;
			hasScannedForEncodings = 0;
			knownRegions = (
				en,
				Base,
			);
			mainGroup = BA84DB5C1C0FA7AC004A15EF;
			productRefGroup = BA84DB661C0FA7AC004A15EF /* Products */;
			projectDirPath = "";
			projectRoot = "";
			targets = (
				BA84DB641C0FA7AC004A15EF /* StoreSearch */,
			);
		};
/* End PBXProject section */

/* Begin PBXResourcesBuildPhase section */
		BA84DB631C0FA7AC004A15EF /* Resources */ = {
			isa = PBXResourcesBuildPhase;
			buildActionMask = 2147483647;
			files = (
				BA84DB701C0FA7AC004A15EF /* Assets.xcassets in Resources */,
				BA9A0AF81C10C51E00B65CA3 /* LoadingCell.xib in Resources */,
				BA84DB7D1C0FBF58004A15EF /* SearchResultCell.xib in Resources */,
				BA84DB811C0FC4F6004A15EF /* NothingFoundCell.xib in Resources */,
				BA84DB6E1C0FA7AC004A15EF /* Main.storyboard in Resources */,
			);
			runOnlyForDeploymentPostprocessing = 0;
		};
/* End PBXResourcesBuildPhase section */

/* Begin PBXSourcesBuildPhase section */
		BA84DB611C0FA7AC004A15EF /* Sources */ = {
			isa = PBXSourcesBuildPhase;
			buildActionMask = 2147483647;
			files = (
				BA84DB6B1C0FA7AC004A15EF /* SearchViewController.swift in Sources */,
				BAA6105A1C10F1C4004AB545 /* DimmingPresentationController.swift in Sources */,
				BA84DB7B1C0FBA84004A15EF /* SearchResult.swift in Sources */,
				BA84DB7F1C0FC292004A15EF /* SearchResultCell.swift in Sources */,
				BAA6105E1C11144D004AB545 /* BounceAnimationController.swift in Sources */,
				BAA610621C111B6B004AB545 /* LandscapeViewController.swift in Sources */,
				BAA610581C10EF32004AB545 /* DetailViewController.swift in Sources */,
				BA84DB691C0FA7AC004A15EF /* AppDelegate.swift in Sources */,
				BAA6105C1C1110A9004AB545 /* GradientView.swift in Sources */,
				BA9A0AFA1C10E7D200B65CA3 /* UIImageView+DownloadImage.swift in Sources */,
				BAA610601C11195E004AB545 /* SlideOutAnimationController.swift in Sources */,
			);
			runOnlyForDeploymentPostprocessing = 0;
		};
/* End PBXSourcesBuildPhase section */

/* Begin PBXVariantGroup section */
		BA84DB6C1C0FA7AC004A15EF /* Main.storyboard */ = {
			isa = PBXVariantGroup;
			children = (
				BA84DB6D1C0FA7AC004A15EF /* Base */,
			);
			name = Main.storyboard;
			sourceTree = "<group>";
		};
/* End PBXVariantGroup section */

/* Begin XCBuildConfiguration section */
		BA84DB751C0FA7AC004A15EF /* Debug */ = {
			isa = XCBuildConfiguration;
			buildSettings = {
				ALWAYS_SEARCH_USER_PATHS = NO;
				CLANG_CXX_LANGUAGE_STANDARD = "gnu++0x";
				CLANG_CXX_LIBRARY = "libc++";
				CLANG_ENABLE_MODULES = YES;
				CLANG_ENABLE_OBJC_ARC = YES;
				CLANG_WARN_BOOL_CONVERSION = YES;
				CLANG_WARN_CONSTANT_CONVERSION = YES;
				CLANG_WARN_DIRECT_OBJC_ISA_USAGE = YES_ERROR;
				CLANG_WARN_EMPTY_BODY = YES;
				CLANG_WARN_ENUM_CONVERSION = YES;
				CLANG_WARN_INT_CONVERSION = YES;
				CLANG_WARN_OBJC_ROOT_CLASS = YES_ERROR;
				CLANG_WARN_UNREACHABLE_CODE = YES;
				CLANG_WARN__DUPLICATE_METHOD_MATCH = YES;
				"CODE_SIGN_IDENTITY[sdk=iphoneos*]" = "iPhone Developer";
				COPY_PHASE_STRIP = NO;
				DEBUG_INFORMATION_FORMAT = dwarf;
				ENABLE_STRICT_OBJC_MSGSEND = YES;
				ENABLE_TESTABILITY = YES;
				GCC_C_LANGUAGE_STANDARD = gnu99;
				GCC_DYNAMIC_NO_PIC = NO;
				GCC_NO_COMMON_BLOCKS = YES;
				GCC_OPTIMIZATION_LEVEL = 0;
				GCC_PREPROCESSOR_DEFINITIONS = (
					"DEBUG=1",
					"$(inherited)",
				);
				GCC_WARN_64_TO_32_BIT_CONVERSION = YES;
				GCC_WARN_ABOUT_RETURN_TYPE = YES_ERROR;
				GCC_WARN_UNDECLARED_SELECTOR = YES;
				GCC_WARN_UNINITIALIZED_AUTOS = YES_AGGRESSIVE;
				GCC_WARN_UNUSED_FUNCTION = YES;
				GCC_WARN_UNUSED_VARIABLE = YES;
				IPHONEOS_DEPLOYMENT_TARGET = 9.1;
				MTL_ENABLE_DEBUG_INFO = YES;
				ONLY_ACTIVE_ARCH = YES;
				SDKROOT = iphoneos;
				SWIFT_OPTIMIZATION_LEVEL = "-Onone";
			};
			name = Debug;
		};
		BA84DB761C0FA7AC004A15EF /* Release */ = {
			isa = XCBuildConfiguration;
			buildSettings = {
				ALWAYS_SEARCH_USER_PATHS = NO;
				CLANG_CXX_LANGUAGE_STANDARD = "gnu++0x";
				CLANG_CXX_LIBRARY = "libc++";
				CLANG_ENABLE_MODULES = YES;
				CLANG_ENABLE_OBJC_ARC = YES;
				CLANG_WARN_BOOL_CONVERSION = YES;
				CLANG_WARN_CONSTANT_CONVERSION = YES;
				CLANG_WARN_DIRECT_OBJC_ISA_USAGE = YES_ERROR;
				CLANG_WARN_EMPTY_BODY = YES;
				CLANG_WARN_ENUM_CONVERSION = YES;
				CLANG_WARN_INT_CONVERSION = YES;
				CLANG_WARN_OBJC_ROOT_CLASS = YES_ERROR;
				CLANG_WARN_UNREACHABLE_CODE = YES;
				CLANG_WARN__DUPLICATE_METHOD_MATCH = YES;
				"CODE_SIGN_IDENTITY[sdk=iphoneos*]" = "iPhone Developer";
				COPY_PHASE_STRIP = NO;
				DEBUG_INFORMATION_FORMAT = "dwarf-with-dsym";
				ENABLE_NS_ASSERTIONS = NO;
				ENABLE_STRICT_OBJC_MSGSEND = YES;
				GCC_C_LANGUAGE_STANDARD = gnu99;
				GCC_NO_COMMON_BLOCKS = YES;
				GCC_WARN_64_TO_32_BIT_CONVERSION = YES;
				GCC_WARN_ABOUT_RETURN_TYPE = YES_ERROR;
				GCC_WARN_UNDECLARED_SELECTOR = YES;
				GCC_WARN_UNINITIALIZED_AUTOS = YES_AGGRESSIVE;
				GCC_WARN_UNUSED_FUNCTION = YES;
				GCC_WARN_UNUSED_VARIABLE = YES;
				IPHONEOS_DEPLOYMENT_TARGET = 9.1;
				MTL_ENABLE_DEBUG_INFO = NO;
				SDKROOT = iphoneos;
				VALIDATE_PRODUCT = YES;
			};
			name = Release;
		};
		BA84DB781C0FA7AC004A15EF /* Debug */ = {
			isa = XCBuildConfiguration;
			buildSettings = {
				ASSETCATALOG_COMPILER_APPICON_NAME = AppIcon;
				INFOPLIST_FILE = StoreSearch/Info.plist;
				LD_RUNPATH_SEARCH_PATHS = "$(inherited) @executable_path/Frameworks";
				PRODUCT_BUNDLE_IDENTIFIER = io.github.mwaggett.StoreSearch;
				PRODUCT_NAME = "$(TARGET_NAME)";
			};
			name = Debug;
		};
		BA84DB791C0FA7AC004A15EF /* Release */ = {
			isa = XCBuildConfiguration;
			buildSettings = {
				ASSETCATALOG_COMPILER_APPICON_NAME = AppIcon;
				INFOPLIST_FILE = StoreSearch/Info.plist;
				LD_RUNPATH_SEARCH_PATHS = "$(inherited) @executable_path/Frameworks";
				PRODUCT_BUNDLE_IDENTIFIER = io.github.mwaggett.StoreSearch;
				PRODUCT_NAME = "$(TARGET_NAME)";
			};
			name = Release;
		};
/* End XCBuildConfiguration section */

/* Begin XCConfigurationList section */
		BA84DB601C0FA7AC004A15EF /* Build configuration list for PBXProject "StoreSearch" */ = {
			isa = XCConfigurationList;
			buildConfigurations = (
				BA84DB751C0FA7AC004A15EF /* Debug */,
				BA84DB761C0FA7AC004A15EF /* Release */,
			);
			defaultConfigurationIsVisible = 0;
			defaultConfigurationName = Release;
		};
		BA84DB771C0FA7AC004A15EF /* Build configuration list for PBXNativeTarget "StoreSearch" */ = {
			isa = XCConfigurationList;
			buildConfigurations = (
				BA84DB781C0FA7AC004A15EF /* Debug */,
				BA84DB791C0FA7AC004A15EF /* Release */,
			);
			defaultConfigurationIsVisible = 0;
			defaultConfigurationName = Release;
		};
/* End XCConfigurationList section */
	};
	rootObject = BA84DB5D1C0FA7AC004A15EF /* Project object */;
}
